
Microsoft Visual Studio Solution File, Format Version 12.00
# Visual Studio Version 17
VisualStudioVersion = 17.13.35931.197 d17.13
MinimumVisualStudioVersion = 10.0.40219.1
Project("{FAE04EC0-301F-11D3-BF4B-00C04F79EFBC}") = "DCMusicBot", "DCMusicBot.csproj", "{2A6CC578-DDFD-4477-BFC3-A7AF99900742}"
EndProject
Global
	GlobalSection(SolutionConfigurationPlatforms) = preSolution
		Debug|Any CPU = Debug|Any CPU
		Release|Any CPU = Release|Any CPU
	EndGlobalSection
	GlobalSection(ProjectConfigurationPlatforms) = postSolution
		{2A6CC578-DDFD-4477-BFC3-A7AF99900742}.Debug|Any CPU.ActiveCfg = Debug|Any CPU
		{2A6CC578-DDFD-4477-BFC3-A7AF99900742}.Debug|Any CPU.Build.0 = Debug|Any CPU
		{2A6CC578-DDFD-4477-BFC3-A7AF99900742}.Release|Any CPU.ActiveCfg = Release|Any CPU
		{2A6CC578-DDFD-4477-BFC3-A7AF99900742}.Release|Any CPU.Build.0 = Release|Any CPU
	EndGlobalSection
	GlobalSection(SolutionProperties) = preSolution
		HideSolutionNode = FALSE
	EndGlobalSection
	GlobalSection(ExtensibilityGlobals) = postSolution
		SolutionGuid = {1A6EFBAD-8821-4386-8E0E-CA5D59E805C0}
	EndGlobalSection
EndGlobal
